
Microsoft Visual Studio Solution File, Format Version 12.00
# Visual Studio 15
Project("{FAE04EC0-301F-11D3-BF4B-00C04F79EFBC}") = "Assembly-CSharp", "Assembly-CSharp.csproj", "{BA6DDAF9-B0CC-2FB0-0B76-DF9387E602B8}"
EndProject
Project("{FAE04EC0-301F-11D3-BF4B-00C04F79EFBC}") = "Assembly-CSharp-Editor", "Assembly-CSharp-Editor.csproj", "{3F2B04A7-A491-EF2A-1078-D361BB8C266D}"
EndProject
Global
	GlobalSection(SolutionConfigurationPlatforms) = preSolution
		Debug|Any CPU = Debug|Any CPU
		Release|Any CPU = Release|Any CPU
	EndGlobalSection
	GlobalSection(ProjectConfigurationPlatforms) = postSolution
		{BA6DDAF9-B0CC-2FB0-0B76-DF9387E602B8}.Debug|Any CPU.ActiveCfg = Debug|Any CPU
		{BA6DDAF9-B0CC-2FB0-0B76-DF9387E602B8}.Debug|Any CPU.Build.0 = Debug|Any CPU
		{BA6DDAF9-B0CC-2FB0-0B76-DF9387E602B8}.Release|Any CPU.ActiveCfg = Release|Any CPU
		{BA6DDAF9-B0CC-2FB0-0B76-DF9387E602B8}.Release|Any CPU.Build.0 = Release|Any CPU
		{3F2B04A7-A491-EF2A-1078-D361BB8C266D}.Debug|Any CPU.ActiveCfg = Debug|Any CPU
		{3F2B04A7-A491-EF2A-1078-D361BB8C266D}.Debug|Any CPU.Build.0 = Debug|Any CPU
		{3F2B04A7-A491-EF2A-1078-D361BB8C266D}.Release|Any CPU.ActiveCfg = Release|Any CPU
		{3F2B04A7-A491-EF2A-1078-D361BB8C266D}.Release|Any CPU.Build.0 = Release|Any CPU
	EndGlobalSection
	GlobalSection(SolutionProperties) = preSolution
		HideSolutionNode = FALSE
	EndGlobalSection
EndGlobal
